// !$*UTF8*$!
{
  "archiveVersion" = 1;
  "classes" = {
  };
  "objectVersion" = 56;
  "objects" = {
    "A35DDF5522016B8E17DDC854" = {
      "isa" = "PBXFileReference";
      "lastKnownFileType" = "sourcecode.swift";
      "path" = "Sources/Core/Connection.swift";
      "sourceTree" = "<group>";
    };
    "7B3FFC2DF2F71F1E3DE3B5AF" = {
      "isa" = "PBXBuildFile";
      "fileRef" = "A35DDF5522016B8E17DDC854";
    };
    "997466115754A56F7B0E8871" = {
      "isa" = "PBXFileReference";
      "lastKnownFileType" = "sourcecode.swift";
      "path" = "Sources/Core/MobileStore.swift";
      "sourceTree" = "<group>";
    };
    "3B375482781FBF10008EE91B" = {
      "isa" = "PBXBuildFile";
      "fileRef" = "997466115754A56F7B0E8871";
    };
    "3D8C78A96B7D3B2B3A2626A9" = {
      "isa" = "PBXFileReference";
      "lastKnownFileType" = "sourcecode.swift";
      "path" = "Sources/Core/Snapshots.swift";
      "sourceTree" = "<group>";
    };
    "1FE61AB22AF235FBFA369B9E" = {
      "isa" = "PBXBuildFile";
      "fileRef" = "3D8C78A96B7D3B2B3A2626A9";
    };
    "B484DD07BB4751A366DD4D2F" = {
      "isa" = "PBXFileReference";
      "lastKnownFileType" = "sourcecode.swift";
      "path" = "Sources/GuanlanApp.swift";
      "sourceTree" = "<group>";
    };
    "29FFC48B06B5A6CC3FD01FB8" = {
      "isa" = "PBXBuildFile";
      "fileRef" = "B484DD07BB4751A366DD4D2F";
    };
    "E1AF95FB0F78035E9C9BA78C" = {
      "isa" = "PBXFileReference";
      "lastKnownFileType" = "sourcecode.swift";
      "path" = "Sources/UI/CandleChart.swift";
      "sourceTree" = "<group>";
    };
    "3F975D3759B5926402C40098" = {
      "isa" = "PBXBuildFile";
      "fileRef" = "E1AF95FB0F78035E9C9BA78C";
    };
    "8558BF38C38D644378A6C194" = {
      "isa" = "PBXFileReference";
      "lastKnownFileType" = "sourcecode.swift";
      "path" = "Sources/UI/DataScreen.swift";
      "sourceTree" = "<group>";
    };
    "5A360C1D59BBD56A3D8DC48E" = {
      "isa" = "PBXBuildFile";
      "fileRef" = "8558BF38C38D644378A6C194";
    };
    "D14733FD8FC62CE68AD99E48" = {
      "isa" = "PBXFileReference";
      "lastKnownFileType" = "sourcecode.swift";
      "path" = "Sources/UI/RealtimeScreen.swift";
      "sourceTree" = "<group>";
    };
    "7730EFF77D41C2F56FBCD08C" = {
      "isa" = "PBXBuildFile";
      "fileRef" = "D14733FD8FC62CE68AD99E48";
    };
    "02EACFB6CB52374C62ADF53C" = {
      "isa" = "PBXFileReference";
      "lastKnownFileType" = "sourcecode.swift";
      "path" = "Sources/UI/Research.swift";
      "sourceTree" = "<group>";
    };
    "016FD123418D936E7A5E55B1" = {
      "isa" = "PBXBuildFile";
      "fileRef" = "02EACFB6CB52374C62ADF53C";
    };
    "9ABFCBF3EF4EA0ADE8BC7CBB" = {
      "isa" = "PBXFileReference";
      "lastKnownFileType" = "sourcecode.swift";
      "path" = "Sources/UI/StockDetail.swift";
      "sourceTree" = "<group>";
    };
    "31151F35D543108C25E6A282" = {
      "isa" = "PBXBuildFile";
      "fileRef" = "9ABFCBF3EF4EA0ADE8BC7CBB";
    };
    "5F028C8C54990FD1011C4AD6" = {
      "isa" = "PBXFileReference";
      "lastKnownFileType" = "sourcecode.swift";
      "path" = "Sources/UI/Theme.swift";
      "sourceTree" = "<group>";
    };
    "014FCBD31507D8487E05FF8A" = {
      "isa" = "PBXBuildFile";
      "fileRef" = "5F028C8C54990FD1011C4AD6";
    };
    "67E204B0554F80D7D935C8E2" = {
      "isa" = "PBXFileReference";
      "lastKnownFileType" = "sourcecode.swift";
      "path" = "Sources/UI/Workbench.swift";
      "sourceTree" = "<group>";
    };
    "9AE98D733B7500AF80A4EB75" = {
      "isa" = "PBXBuildFile";
      "fileRef" = "67E204B0554F80D7D935C8E2";
    };
    "75C2622AB8F472F1F4273319" = {
      "isa" = "PBXFileReference";
      "lastKnownFileType" = "sourcecode.swift";
      "name" = "Shared Mac Models.swift";
      "path" = "../ashare-mac/macos/Models.swift";
      "sourceTree" = "<group>";
    };
    "D200CC0E858DA1AC01EE63E5" = {
      "isa" = "PBXBuildFile";
      "fileRef" = "75C2622AB8F472F1F4273319";
    };
    "A6F6B4912AEDED0DAC61E112" = {
      "isa" = "PBXFileReference";
      "lastKnownFileType" = "sourcecode.swift";
      "name" = "Shared Realtime Models.swift";
      "path" = "../ashare-mac/macos/RealtimeModels.swift";
      "sourceTree" = "<group>";
    };
    "2A77AFE97BA986DC76168EFC" = {
      "isa" = "PBXBuildFile";
      "fileRef" = "A6F6B4912AEDED0DAC61E112";
    };
    "FB9EF894175C327470F768D9" = {
      "isa" = "PBXFileReference";
      "explicitFileType" = "wrapper.application";
      "includeInIndex" = 0;
      "path" = "Guanlan.app";
      "sourceTree" = "BUILT_PRODUCTS_DIR";
    };
    "BD12731D7BC9B843D8523E65" = {
      "isa" = "PBXFileReference";
      "lastKnownFileType" = "folder.assetcatalog";
      "path" = "Assets.xcassets";
      "sourceTree" = "<group>";
    };
    "C254B250C2B8ACAB56926D21" = {
      "isa" = "PBXSourcesBuildPhase";
      "buildActionMask" = 2147483647;
      "files" = ( "7B3FFC2DF2F71F1E3DE3B5AF", "3B375482781FBF10008EE91B", "1FE61AB22AF235FBFA369B9E", "29FFC48B06B5A6CC3FD01FB8", "3F975D3759B5926402C40098", "5A360C1D59BBD56A3D8DC48E", "7730EFF77D41C2F56FBCD08C", "016FD123418D936E7A5E55B1", "31151F35D543108C25E6A282", "014FCBD31507D8487E05FF8A", "9AE98D733B7500AF80A4EB75", "D200CC0E858DA1AC01EE63E5", "2A77AFE97BA986DC76168EFC" );
      "runOnlyForDeploymentPostprocessing" = 0;
    };
    "7353E385ECAA9C0967E0B2D0" = {
      "isa" = "PBXBuildFile";
      "fileRef" = "BD12731D7BC9B843D8523E65";
    };
    "E9D7C1DC59D09A9243A83968" = {
      "isa" = "PBXResourcesBuildPhase";
      "buildActionMask" = 2147483647;
      "files" = ( "7353E385ECAA9C0967E0B2D0" );
      "runOnlyForDeploymentPostprocessing" = 0;
    };
    "CE984B4DE682ABA8CF0C928B" = {
      "isa" = "PBXFrameworksBuildPhase";
      "buildActionMask" = 2147483647;
      "files" = (  );
      "runOnlyForDeploymentPostprocessing" = 0;
    };
    "4EDC8BFAFC6BD936B849F38C" = {
      "isa" = "PBXGroup";
      "children" = ( "FB9EF894175C327470F768D9" );
      "name" = "Products";
      "sourceTree" = "<group>";
    };
    "EB814BE3CA3B78C0734C5605" = {
      "isa" = "PBXGroup";
      "children" = ( "A35DDF5522016B8E17DDC854", "997466115754A56F7B0E8871", "3D8C78A96B7D3B2B3A2626A9", "B484DD07BB4751A366DD4D2F", "E1AF95FB0F78035E9C9BA78C", "8558BF38C38D644378A6C194", "D14733FD8FC62CE68AD99E48", "02EACFB6CB52374C62ADF53C", "9ABFCBF3EF4EA0ADE8BC7CBB", "5F028C8C54990FD1011C4AD6", "67E204B0554F80D7D935C8E2", "75C2622AB8F472F1F4273319", "A6F6B4912AEDED0DAC61E112", "BD12731D7BC9B843D8523E65", "4EDC8BFAFC6BD936B849F38C" );
      "sourceTree" = "<group>";
    };
    "E20609128BE34B268B1C1700" = {
      "isa" = "XCBuildConfiguration";
      "name" = "Debug";
      "buildSettings" = {
        "CLANG_ENABLE_MODULES" = "YES";
        "SWIFT_VERSION" = "5.0";
        "IPHONEOS_DEPLOYMENT_TARGET" = "17.0";
      };
    };
    "49CF2059FC089A383331E989" = {
      "isa" = "XCBuildConfiguration";
      "name" = "Debug";
      "buildSettings" = {
        "PRODUCT_BUNDLE_IDENTIFIER" = "local.guanlan.ios.bennie";
        "PRODUCT_NAME" = "Guanlan";
        "SWIFT_VERSION" = "5.0";
        "SWIFT_OPTIMIZATION_LEVEL" = "-Onone";
        "SWIFT_ACTIVE_COMPILATION_CONDITIONS" = "DEBUG";
        "SDKROOT" = "iphoneos";
        "SUPPORTED_PLATFORMS" = "iphoneos iphonesimulator";
        "TARGETED_DEVICE_FAMILY" = "1,2";
        "INFOPLIST_FILE" = "Info.plist";
        "GENERATE_INFOPLIST_FILE" = "NO";
        "CODE_SIGN_STYLE" = "Automatic";
        "IPHONEOS_DEPLOYMENT_TARGET" = "17.0";
        "ASSETCATALOG_COMPILER_APPICON_NAME" = "AppIcon";
        "CURRENT_PROJECT_VERSION" = "3";
        "MARKETING_VERSION" = "1.1.0";
        "ENABLE_USER_SCRIPT_SANDBOXING" = "YES";
        "SWIFT_STRICT_CONCURRENCY" = "minimal";
        "DEVELOPMENT_TEAM" = "MLW5C7YXFJ";
      };
    };
    "06D9FAC4492C016BD6137653" = {
      "isa" = "XCBuildConfiguration";
      "name" = "Release";
      "buildSettings" = {
        "CLANG_ENABLE_MODULES" = "YES";
        "SWIFT_VERSION" = "5.0";
        "IPHONEOS_DEPLOYMENT_TARGET" = "17.0";
      };
    };
    "85DB3EA4977AD2ACA15445C7" = {
      "isa" = "XCBuildConfiguration";
      "name" = "Release";
      "buildSettings" = {
        "PRODUCT_BUNDLE_IDENTIFIER" = "local.guanlan.ios.bennie";
        "PRODUCT_NAME" = "Guanlan";
        "SWIFT_VERSION" = "5.0";
        "SWIFT_OPTIMIZATION_LEVEL" = "-O";
        "SWIFT_ACTIVE_COMPILATION_CONDITIONS" = "";
        "SDKROOT" = "iphoneos";
        "SUPPORTED_PLATFORMS" = "iphoneos iphonesimulator";
        "TARGETED_DEVICE_FAMILY" = "1,2";
        "INFOPLIST_FILE" = "Info.plist";
        "GENERATE_INFOPLIST_FILE" = "NO";
        "CODE_SIGN_STYLE" = "Automatic";
        "IPHONEOS_DEPLOYMENT_TARGET" = "17.0";
        "ASSETCATALOG_COMPILER_APPICON_NAME" = "AppIcon";
        "CURRENT_PROJECT_VERSION" = "3";
        "MARKETING_VERSION" = "1.1.0";
        "ENABLE_USER_SCRIPT_SANDBOXING" = "YES";
        "SWIFT_STRICT_CONCURRENCY" = "minimal";
        "DEVELOPMENT_TEAM" = "MLW5C7YXFJ";
      };
    };
    "9CFF64D8AE28E83EB00193AA" = {
      "isa" = "XCConfigurationList";
      "buildConfigurations" = ( "E20609128BE34B268B1C1700", "06D9FAC4492C016BD6137653" );
      "defaultConfigurationIsVisible" = 0;
      "defaultConfigurationName" = "Release";
    };
    "CE9488645BD954E80511F265" = {
      "isa" = "XCConfigurationList";
      "buildConfigurations" = ( "49CF2059FC089A383331E989", "85DB3EA4977AD2ACA15445C7" );
      "defaultConfigurationIsVisible" = 0;
      "defaultConfigurationName" = "Release";
    };
    "978354DB0C00FC78C3A5524F" = {
      "isa" = "PBXNativeTarget";
      "buildConfigurationList" = "CE9488645BD954E80511F265";
      "buildPhases" = ( "C254B250C2B8ACAB56926D21", "CE984B4DE682ABA8CF0C928B", "E9D7C1DC59D09A9243A83968" );
      "buildRules" = (  );
      "dependencies" = (  );
      "name" = "Guanlan";
      "productName" = "Guanlan";
      "productReference" = "FB9EF894175C327470F768D9";
      "productType" = "com.apple.product-type.application";
    };
    "985959785319747668373CC6" = {
      "isa" = "PBXProject";
      "attributes" = {
        "BuildIndependentTargetsInParallel" = "YES";
        "LastUpgradeCheck" = "2660";
      };
      "buildConfigurationList" = "9CFF64D8AE28E83EB00193AA";
      "compatibilityVersion" = "Xcode 14.0";
      "developmentRegion" = "zh-Hans";
      "hasScannedForEncodings" = 0;
      "knownRegions" = ( "zh-Hans", "en", "Base" );
      "mainGroup" = "EB814BE3CA3B78C0734C5605";
      "productRefGroup" = "4EDC8BFAFC6BD936B849F38C";
      "projectDirPath" = "";
      "projectRoot" = "";
      "targets" = ( "978354DB0C00FC78C3A5524F" );
    };
  };
  "rootObject" = "985959785319747668373CC6";
}
